// !$*UTF8*$!
{
	archiveVersion = 1;
	classes = {
	};
	objectVersion = 50;
	objects = {

/* Begin PBXBuildFile section */
		2A598132262589E600C19E1A /* AppDelegate.swift in Sources */ = {isa = PBXBuildFile; fileRef = 2A598131262589E600C19E1A /* AppDelegate.swift */; };
		2A598134262589E600C19E1A /* SceneDelegate.swift in Sources */ = {isa = PBXBuildFile; fileRef = 2A598133262589E600C19E1A /* SceneDelegate.swift */; };
		2A598136262589E600C19E1A /* ViewController.swift in Sources */ = {isa = PBXBuildFile; fileRef = 2A598135262589E600C19E1A /* ViewController.swift */; };
		2A598139262589E600C19E1A /* Main.storyboard in Resources */ = {isa = PBXBuildFile; fileRef = 2A598137262589E600C19E1A /* Main.storyboard */; };
		2A59813B262589E600C19E1A /* Assets.xcassets in Resources */ = {isa = PBXBuildFile; fileRef = 2A59813A262589E600C19E1A /* Assets.xcassets */; };
		2A59813E262589E600C19E1A /* LaunchScreen.storyboard in Resources */ = {isa = PBXBuildFile; fileRef = 2A59813C262589E600C19E1A /* LaunchScreen.storyboard */; };
		2A598149262589E600C19E1A /* BoomQRDetectorTests.swift in Sources */ = {isa = PBXBuildFile; fileRef = 2A598148262589E600C19E1A /* BoomQRDetectorTests.swift */; };
		2A598154262589E600C19E1A /* BoomQRDetectorUITests.swift in Sources */ = {isa = PBXBuildFile; fileRef = 2A598153262589E600C19E1A /* BoomQRDetectorUITests.swift */; };
		2A59817026258A6000C19E1A /* BoomQRProcessorController.swift in Sources */ = {isa = PBXBuildFile; fileRef = 2A59816F26258A6000C19E1A /* BoomQRProcessorController.swift */; };
		2A59817526258A8C00C19E1A /* BoomQRScanView.swift in Sources */ = {isa = PBXBuildFile; fileRef = 2A59817426258A8C00C19E1A /* BoomQRScanView.swift */; };
		2A59817A26258AE200C19E1A /* BoomQRDetector.swift in Sources */ = {isa = PBXBuildFile; fileRef = 2A59817926258AE200C19E1A /* BoomQRDetector.swift */; };
		2A59818226258B3C00C19E1A /* BoomQRCIFilter.swift in Sources */ = {isa = PBXBuildFile; fileRef = 2A59818126258B3C00C19E1A /* BoomQRCIFilter.swift */; };
/* End PBXBuildFile section */

/* Begin PBXContainerItemProxy section */
		2A598145262589E600C19E1A /* PBXContainerItemProxy */ = {
			isa = PBXContainerItemProxy;
			containerPortal = 2A598126262589E500C19E1A /* Project object */;
			proxyType = 1;
			remoteGlobalIDString = 2A59812D262589E600C19E1A;
			remoteInfo = BoomQRDetector;
		};
		2A598150262589E600C19E1A /* PBXContainerItemProxy */ = {
			isa = PBXContainerItemProxy;
			containerPortal = 2A598126262589E500C19E1A /* Project object */;
			proxyType = 1;
			remoteGlobalIDString = 2A59812D262589E600C19E1A;
			remoteInfo = BoomQRDetector;
		};
/* End PBXContainerItemProxy section */

/* Begin PBXFileReference section */
		2A59812E262589E600C19E1A /* BoomQRDetector.app */ = {isa = PBXFileReference; explicitFileType = wrapper.application; includeInIndex = 0; path = BoomQRDetector.app; sourceTree = BUILT_PRODUCTS_DIR; };
		2A598131262589E600C19E1A /* AppDelegate.swift */ = {isa = PBXFileReference; lastKnownFileType = sourcecode.swift; path = AppDelegate.swift; sourceTree = "<group>"; };
		2A598133262589E600C19E1A /* SceneDelegate.swift */ = {isa = PBXFileReference; lastKnownFileType = sourcecode.swift; path = SceneDelegate.swift; sourceTree = "<group>"; };
		2A598135262589E600C19E1A /* ViewController.swift */ = {isa = PBXFileReference; lastKnownFileType = sourcecode.swift; path = ViewController.swift; sourceTree = "<group>"; };
		2A598138262589E600C19E1A /* Base */ = {isa = PBXFileReference; lastKnownFileType = file.storyboard; name = Base; path = Base.lproj/Main.storyboard; sourceTree = "<group>"; };
		2A59813A262589E600C19E1A /* Assets.xcassets */ = {isa = PBXFileReference; lastKnownFileType = folder.assetcatalog; path = Assets.xcassets; sourceTree = "<group>"; };
		2A59813D262589E600C19E1A /* Base */ = {isa = PBXFileReference; lastKnownFileType = file.storyboard; name = Base; path = Base.lproj/LaunchScreen.storyboard; sourceTree = "<group>"; };
		2A59813F262589E600C19E1A /* Info.plist */ = {isa = PBXFileReference; lastKnownFileType = text.plist.xml; path = Info.plist; sourceTree = "<group>"; };
		2A598144262589E600C19E1A /* BoomQRDetectorTests.xctest */ = {isa = PBXFileReference; explicitFileType = wrapper.cfbundle; includeInIndex = 0; path = BoomQRDetectorTests.xctest; sourceTree = BUILT_PRODUCTS_DIR; };
		2A598148262589E600C19E1A /* BoomQRDetectorTests.swift */ = {isa = PBXFileReference; lastKnownFileType = sourcecode.swift; path = BoomQRDetectorTests.swift; sourceTree = "<group>"; };
		2A59814A262589E600C19E1A /* Info.plist */ = {isa = PBXFileReference; lastKnownFileType = text.plist.xml; path = Info.plist; sourceTree = "<group>"; };
		2A59814F262589E600C19E1A /* BoomQRDetectorUITests.xctest */ = {isa = PBXFileReference; explicitFileType = wrapper.cfbundle; includeInIndex = 0; path = BoomQRDetectorUITests.xctest; sourceTree = BUILT_PRODUCTS_DIR; };
		2A598153262589E600C19E1A /* BoomQRDetectorUITests.swift */ = {isa = PBXFileReference; lastKnownFileType = sourcecode.swift; path = BoomQRDetectorUITests.swift; sourceTree = "<group>"; };
		2A598155262589E600C19E1A /* Info.plist */ = {isa = PBXFileReference; lastKnownFileType = text.plist.xml; path = Info.plist; sourceTree = "<group>"; };
		2A59816F26258A6000C19E1A /* BoomQRProcessorController.swift */ = {isa = PBXFileReference; lastKnownFileType = sourcecode.swift; path = BoomQRProcessorController.swift; sourceTree = "<group>"; };
		2A59817426258A8C00C19E1A /* BoomQRScanView.swift */ = {isa = PBXFileReference; lastKnownFileType = sourcecode.swift; path = BoomQRScanView.swift; sourceTree = "<group>"; };
		2A59817926258AE200C19E1A /* BoomQRDetector.swift */ = {isa = PBXFileReference; lastKnownFileType = sourcecode.swift; path = BoomQRDetector.swift; sourceTree = "<group>"; };
		2A59818126258B3C00C19E1A /* BoomQRCIFilter.swift */ = {isa = PBXFileReference; lastKnownFileType = sourcecode.swift; path = BoomQRCIFilter.swift; sourceTree = "<group>"; };
/* End PBXFileReference section */

/* Begin PBXFrameworksBuildPhase section */
		2A59812B262589E600C19E1A /* Frameworks */ = {
			isa = PBXFrameworksBuildPhase;
			buildActionMask = 2147483647;
			files = (
			);
			runOnlyForDeploymentPostprocessing = 0;
		};
		2A598141262589E600C19E1A /* Frameworks */ = {
			isa = PBXFrameworksBuildPhase;
			buildActionMask = 2147483647;
			files = (
			);
			runOnlyForDeploymentPostprocessing = 0;
		};
		2A59814C262589E600C19E1A /* Frameworks */ = {
			isa = PBXFrameworksBuildPhase;
			buildActionMask = 2147483647;
			files = (
			);
			runOnlyForDeploymentPostprocessing = 0;
		};
/* End PBXFrameworksBuildPhase section */

/* Begin PBXGroup section */
		2A598125262589E500C19E1A = {
			isa = PBXGroup;
			children = (
				2A598130262589E600C19E1A /* BoomQRDetector */,
				2A598147262589E600C19E1A /* BoomQRDetectorTests */,
				2A598152262589E600C19E1A /* BoomQRDetectorUITests */,
				2A59812F262589E600C19E1A /* Products */,
			);
			sourceTree = "<group>";
		};
		2A59812F262589E600C19E1A /* Products */ = {
			isa = PBXGroup;
			children = (
				2A59812E262589E600C19E1A /* BoomQRDetector.app */,
				2A598144262589E600C19E1A /* BoomQRDetectorTests.xctest */,
				2A59814F262589E600C19E1A /* BoomQRDetectorUITests.xctest */,
			);
			name = Products;
			sourceTree = "<group>";
		};
		2A598130262589E600C19E1A /* BoomQRDetector */ = {
			isa = PBXGroup;
			children = (
				2A598131262589E600C19E1A /* AppDelegate.swift */,
				2A598133262589E600C19E1A /* SceneDelegate.swift */,
				2A598135262589E600C19E1A /* ViewController.swift */,
				2A59816F26258A6000C19E1A /* BoomQRProcessorController.swift */,
				2A59817426258A8C00C19E1A /* BoomQRScanView.swift */,
				2A59817926258AE200C19E1A /* BoomQRDetector.swift */,
				2A59818126258B3C00C19E1A /* BoomQRCIFilter.swift */,
				2A598137262589E600C19E1A /* Main.storyboard */,
				2A59813A262589E600C19E1A /* Assets.xcassets */,
				2A59813C262589E600C19E1A /* LaunchScreen.storyboard */,
				2A59813F262589E600C19E1A /* Info.plist */,
			);
			path = BoomQRDetector;
			sourceTree = "<group>";
		};
		2A598147262589E600C19E1A /* BoomQRDetectorTests */ = {
			isa = PBXGroup;
			children = (
				2A598148262589E600C19E1A /* BoomQRDetectorTests.swift */,
				2A59814A262589E600C19E1A /* Info.plist */,
			);
			path = BoomQRDetectorTests;
			sourceTree = "<group>";
		};
		2A598152262589E600C19E1A /* BoomQRDetectorUITests */ = {
			isa = PBXGroup;
			children = (
				2A598153262589E600C19E1A /* BoomQRDetectorUITests.swift */,
				2A598155262589E600C19E1A /* Info.plist */,
			);
			path = BoomQRDetectorUITests;
			sourceTree = "<group>";
		};
/* End PBXGroup section */

/* Begin PBXNativeTarget section */
		2A59812D262589E600C19E1A /* BoomQRDetector */ = {
			isa = PBXNativeTarget;
			buildConfigurationList = 2A598158262589E600C19E1A /* Build configuration list for PBXNativeTarget "BoomQRDetector" */;
			buildPhases = (
				2A59812A262589E600C19E1A /* Sources */,
				2A59812B262589E600C19E1A /* Frameworks */,
				2A59812C262589E600C19E1A /* Resources */,
			);
			buildRules = (
			);
			dependencies = (
			);
			name = BoomQRDetector;
			productName = BoomQRDetector;
			productReference = 2A59812E262589E600C19E1A /* BoomQRDetector.app */;
			productType = "com.apple.product-type.application";
		};
		2A598143262589E600C19E1A /* BoomQRDetectorTests */ = {
			isa = PBXNativeTarget;
			buildConfigurationList = 2A59815B262589E600C19E1A /* Build configuration list for PBXNativeTarget "BoomQRDetectorTests" */;
			buildPhases = (
				2A598140262589E600C19E1A /* Sources */,
				2A598141262589E600C19E1A /* Frameworks */,
				2A598142262589E600C19E1A /* Resources */,
			);
			buildRules = (
			);
			dependencies = (
				2A598146262589E600C19E1A /* PBXTargetDependency */,
			);
			name = BoomQRDetectorTests;
			productName = BoomQRDetectorTests;
			productReference = 2A598144262589E600C19E1A /* BoomQRDetectorTests.xctest */;
			productType = "com.apple.product-type.bundle.unit-test";
		};
		2A59814E262589E600C19E1A /* BoomQRDetectorUITests */ = {
			isa = PBXNativeTarget;
			buildConfigurationList = 2A59815E262589E600C19E1A /* Build configuration list for PBXNativeTarget "BoomQRDetectorUITests" */;
			buildPhases = (
				2A59814B262589E600C19E1A /* Sources */,
				2A59814C262589E600C19E1A /* Frameworks */,
				2A59814D262589E600C19E1A /* Resources */,
			);
			buildRules = (
			);
			dependencies = (
				2A598151262589E600C19E1A /* PBXTargetDependency */,
			);
			name = BoomQRDetectorUITests;
			productName = BoomQRDetectorUITests;
			productReference = 2A59814F262589E600C19E1A /* BoomQRDetectorUITests.xctest */;
			productType = "com.apple.product-type.bundle.ui-testing";
		};
/* End PBXNativeTarget section */

/* Begin PBXProject section */
		2A598126262589E500C19E1A /* Project object */ = {
			isa = PBXProject;
			attributes = {
				LastSwiftUpdateCheck = 1230;
				LastUpgradeCheck = 1230;
				TargetAttributes = {
					2A59812D262589E600C19E1A = {
						CreatedOnToolsVersion = 12.3;
					};
					2A598143262589E600C19E1A = {
						CreatedOnToolsVersion = 12.3;
						TestTargetID = 2A59812D262589E600C19E1A;
					};
					2A59814E262589E600C19E1A = {
						CreatedOnToolsVersion = 12.3;
						TestTargetID = 2A59812D262589E600C19E1A;
					};
				};
			};
			buildConfigurationList = 2A598129262589E500C19E1A /* Build configuration list for PBXProject "BoomQRDetector" */;
			compatibilityVersion = "Xcode 9.3";
			developmentRegion = en;
			hasScannedForEncodings = 0;
			knownRegions = (
				en,
				Base,
			);
			mainGroup = 2A598125262589E500C19E1A;
			productRefGroup = 2A59812F262589E600C19E1A /* Products */;
			projectDirPath = "";
			projectRoot = "";
			targets = (
				2A59812D262589E600C19E1A /* BoomQRDetector */,
				2A598143262589E600C19E1A /* BoomQRDetectorTests */,
				2A59814E262589E600C19E1A /* BoomQRDetectorUITests */,
			);
		};
/* End PBXProject section */

/* Begin PBXResourcesBuildPhase section */
		2A59812C262589E600C19E1A /* Resources */ = {
			isa = PBXResourcesBuildPhase;
			buildActionMask = 2147483647;
			files = (
				2A59813E262589E600C19E1A /* LaunchScreen.storyboard in Resources */,
				2A59813B262589E600C19E1A /* Assets.xcassets in Resources */,
				2A598139262589E600C19E1A /* Main.storyboard in Resources */,
			);
			runOnlyForDeploymentPostprocessing = 0;
		};
		2A598142262589E600C19E1A /* Resources */ = {
			isa = PBXResourcesBuildPhase;
			buildActionMask = 2147483647;
			files = (
			);
			runOnlyForDeploymentPostprocessing = 0;
		};
		2A59814D262589E600C19E1A /* Resources */ = {
			isa = PBXResourcesBuildPhase;
			buildActionMask = 2147483647;
			files = (
			);
			runOnlyForDeploymentPostprocessing = 0;
		};
/* End PBXResourcesBuildPhase section */

/* Begin PBXSourcesBuildPhase section */
		2A59812A262589E600C19E1A /* Sources */ = {
			isa = PBXSourcesBuildPhase;
			buildActionMask = 2147483647;
			files = (
				2A598136262589E600C19E1A /* ViewController.swift in Sources */,
				2A59818226258B3C00C19E1A /* BoomQRCIFilter.swift in Sources */,
				2A598132262589E600C19E1A /* AppDelegate.swift in Sources */,
				2A59817026258A6000C19E1A /* BoomQRProcessorController.swift in Sources */,
				2A59817A26258AE200C19E1A /* BoomQRDetector.swift in Sources */,
				2A59817526258A8C00C19E1A /* BoomQRScanView.swift in Sources */,
				2A598134262589E600C19E1A /* SceneDelegate.swift in Sources */,
			);
			runOnlyForDeploymentPostprocessing = 0;
		};
		2A598140262589E600C19E1A /* Sources */ = {
			isa = PBXSourcesBuildPhase;
			buildActionMask = 2147483647;
			files = (
				2A598149262589E600C19E1A /* BoomQRDetectorTests.swift in Sources */,
			);
			runOnlyForDeploymentPostprocessing = 0;
		};
		2A59814B262589E600C19E1A /* Sources */ = {
			isa = PBXSourcesBuildPhase;
			buildActionMask = 2147483647;
			files = (
				2A598154262589E600C19E1A /* BoomQRDetectorUITests.swift in Sources */,
			);
			runOnlyForDeploymentPostprocessing = 0;
		};
/* End PBXSourcesBuildPhase section */

/* Begin PBXTargetDependency section */
		2A598146262589E600C19E1A /* PBXTargetDependency */ = {
			isa = PBXTargetDependency;
			target = 2A59812D262589E600C19E1A /* BoomQRDetector */;
			targetProxy = 2A598145262589E600C19E1A /* PBXContainerItemProxy */;
		};
		2A598151262589E600C19E1A /* PBXTargetDependency */ = {
			isa = PBXTargetDependency;
			target = 2A59812D262589E600C19E1A /* BoomQRDetector */;
			targetProxy = 2A598150262589E600C19E1A /* PBXContainerItemProxy */;
		};
/* End PBXTargetDependency section */

/* Begin PBXVariantGroup section */
		2A598137262589E600C19E1A /* Main.storyboard */ = {
			isa = PBXVariantGroup;
			children = (
				2A598138262589E600C19E1A /* Base */,
			);
			name = Main.storyboard;
			sourceTree = "<group>";
		};
		2A59813C262589E600C19E1A /* LaunchScreen.storyboard */ = {
			isa = PBXVariantGroup;
			children = (
				2A59813D262589E600C19E1A /* Base */,
			);
			name = LaunchScreen.storyboard;
			sourceTree = "<group>";
		};
/* End PBXVariantGroup section */

/* Begin XCBuildConfiguration section */
		2A598156262589E600C19E1A /* Debug */ = {
			isa = XCBuildConfiguration;
			buildSettings = {
				ALWAYS_SEARCH_USER_PATHS = NO;
				CLANG_ANALYZER_NONNULL = YES;
				CLANG_ANALYZER_NUMBER_OBJECT_CONVERSION = YES_AGGRESSIVE;
				CLANG_CXX_LANGUAGE_STANDARD = "gnu++14";
				CLANG_CXX_LIBRARY = "libc++";
				CLANG_ENABLE_MODULES = YES;
				CLANG_ENABLE_OBJC_ARC = YES;
				CLANG_ENABLE_OBJC_WEAK = YES;
				CLANG_WARN_BLOCK_CAPTURE_AUTORELEASING = YES;
				CLANG_WARN_BOOL_CONVERSION = YES;
				CLANG_WARN_COMMA = YES;
				CLANG_WARN_CONSTANT_CONVERSION = YES;
				CLANG_WARN_DEPRECATED_OBJC_IMPLEMENTATIONS = YES;
				CLANG_WARN_DIRECT_OBJC_ISA_USAGE = YES_ERROR;
				CLANG_WARN_DOCUMENTATION_COMMENTS = YES;
				CLANG_WARN_EMPTY_BODY = YES;
				CLANG_WARN_ENUM_CONVERSION = YES;
				CLANG_WARN_INFINITE_RECURSION = YES;
				CLANG_WARN_INT_CONVERSION = YES;
				CLANG_WARN_NON_LITERAL_NULL_CONVERSION = YES;
				CLANG_WARN_OBJC_IMPLICIT_RETAIN_SELF = YES;
				CLANG_WARN_OBJC_LITERAL_CONVERSION = YES;
				CLANG_WARN_OBJC_ROOT_CLASS = YES_ERROR;
				CLANG_WARN_QUOTED_INCLUDE_IN_FRAMEWORK_HEADER = YES;
				CLANG_WARN_RANGE_LOOP_ANALYSIS = YES;
				CLANG_WARN_STRICT_PROTOTYPES = YES;
				CLANG_WARN_SUSPICIOUS_MOVE = YES;
				CLANG_WARN_UNGUARDED_AVAILABILITY = YES_AGGRESSIVE;
				CLANG_WARN_UNREACHABLE_CODE = YES;
				CLANG_WARN__DUPLICATE_METHOD_MATCH = YES;
				COPY_PHASE_STRIP = NO;
				DEBUG_INFORMATION_FORMAT = dwarf;
				ENABLE_STRICT_OBJC_MSGSEND = YES;
				ENABLE_TESTABILITY = YES;
				GCC_C_LANGUAGE_STANDARD = gnu11;
				GCC_DYNAMIC_NO_PIC = NO;
				GCC_NO_COMMON_BLOCKS = YES;
				GCC_OPTIMIZATION_LEVEL = 0;
				GCC_PREPROCESSOR_DEFINITIONS = (
					"DEBUG=1",
					"$(inherited)",
				);
				GCC_WARN_64_TO_32_BIT_CONVERSION = YES;
				GCC_WARN_ABOUT_RETURN_TYPE = YES_ERROR;
				GCC_WARN_UNDECLARED_SELECTOR = YES;
				GCC_WARN_UNINITIALIZED_AUTOS = YES_AGGRESSIVE;
				GCC_WARN_UNUSED_FUNCTION = YES;
				GCC_WARN_UNUSED_VARIABLE = YES;
				IPHONEOS_DEPLOYMENT_TARGET = 9.0;
				MTL_ENABLE_DEBUG_INFO = INCLUDE_SOURCE;
				MTL_FAST_MATH = YES;
				ONLY_ACTIVE_ARCH = YES;
				SDKROOT = iphoneos;
				SWIFT_ACTIVE_COMPILATION_CONDITIONS = DEBUG;
				SWIFT_OPTIMIZATION_LEVEL = "-Onone";
				SWIFT_VERSION = 4.0;
			};
			name = Debug;
		};
		2A598157262589E600C19E1A /* Release */ = {
			isa = XCBuildConfiguration;
			buildSettings = {
				ALWAYS_SEARCH_USER_PATHS = NO;
				CLANG_ANALYZER_NONNULL = YES;
				CLANG_ANALYZER_NUMBER_OBJECT_CONVERSION = YES_AGGRESSIVE;
				CLANG_CXX_LANGUAGE_STANDARD = "gnu++14";
				CLANG_CXX_LIBRARY = "libc++";
				CLANG_ENABLE_MODULES = YES;
				CLANG_ENABLE_OBJC_ARC = YES;
				CLANG_ENABLE_OBJC_WEAK = YES;
				CLANG_WARN_BLOCK_CAPTURE_AUTORELEASING = YES;
				CLANG_WARN_BOOL_CONVERSION = YES;
				CLANG_WARN_COMMA = YES;
				CLANG_WARN_CONSTANT_CONVERSION = YES;
				CLANG_WARN_DEPRECATED_OBJC_IMPLEMENTATIONS = YES;
				CLANG_WARN_DIRECT_OBJC_ISA_USAGE = YES_ERROR;
				CLANG_WARN_DOCUMENTATION_COMMENTS = YES;
				CLANG_WARN_EMPTY_BODY = YES;
				CLANG_WARN_ENUM_CONVERSION = YES;
				CLANG_WARN_INFINITE_RECURSION = YES;
				CLANG_WARN_INT_CONVERSION = YES;
				CLANG_WARN_NON_LITERAL_NULL_CONVERSION = YES;
				CLANG_WARN_OBJC_IMPLICIT_RETAIN_SELF = YES;
				CLANG_WARN_OBJC_LITERAL_CONVERSION = YES;
				CLANG_WARN_OBJC_ROOT_CLASS = YES_ERROR;
				CLANG_WARN_QUOTED_INCLUDE_IN_FRAMEWORK_HEADER = YES;
				CLANG_WARN_RANGE_LOOP_ANALYSIS = YES;
				CLANG_WARN_STRICT_PROTOTYPES = YES;
				CLANG_WARN_SUSPICIOUS_MOVE = YES;
				CLANG_WARN_UNGUARDED_AVAILABILITY = YES_AGGRESSIVE;
				CLANG_WARN_UNREACHABLE_CODE = YES;
				CLANG_WARN__DUPLICATE_METHOD_MATCH = YES;
				COPY_PHASE_STRIP = NO;
				DEBUG_INFORMATION_FORMAT = "dwarf-with-dsym";
				ENABLE_NS_ASSERTIONS = NO;
				ENABLE_STRICT_OBJC_MSGSEND = YES;
				GCC_C_LANGUAGE_STANDARD = gnu11;
				GCC_NO_COMMON_BLOCKS = YES;
				GCC_WARN_64_TO_32_BIT_CONVERSION = YES;
				GCC_WARN_ABOUT_RETURN_TYPE = YES_ERROR;
				GCC_WARN_UNDECLARED_SELECTOR = YES;
				GCC_WARN_UNINITIALIZED_AUTOS = YES_AGGRESSIVE;
				GCC_WARN_UNUSED_FUNCTION = YES;
				GCC_WARN_UNUSED_VARIABLE = YES;
				IPHONEOS_DEPLOYMENT_TARGET = 9.0;
				MTL_ENABLE_DEBUG_INFO = NO;
				MTL_FAST_MATH = YES;
				SDKROOT = iphoneos;
				SWIFT_COMPILATION_MODE = wholemodule;
				SWIFT_OPTIMIZATION_LEVEL = "-O";
				SWIFT_VERSION = 4.0;
				VALIDATE_PRODUCT = YES;
			};
			name = Release;
		};
		2A598159262589E600C19E1A /* Debug */ = {
			isa = XCBuildConfiguration;
			buildSettings = {
				ASSETCATALOG_COMPILER_APPICON_NAME = AppIcon;
				ASSETCATALOG_COMPILER_GLOBAL_ACCENT_COLOR_NAME = AccentColor;
				CODE_SIGN_STYLE = Automatic;
				DEVELOPMENT_TEAM = CFX2H7N5ZA;
				INFOPLIST_FILE = BoomQRDetector/Info.plist;
				LD_RUNPATH_SEARCH_PATHS = (
					"$(inherited)",
					"@executable_path/Frameworks",
				);
				PRODUCT_BUNDLE_IDENTIFIER = com.nextbeginning.www.BoomQRDetector;
				PRODUCT_NAME = "$(TARGET_NAME)";
				SWIFT_VERSION = 5.0;
				TARGETED_DEVICE_FAMILY = "1,2";
			};
			name = Debug;
		};
		2A59815A262589E600C19E1A /* Release */ = {
			isa = XCBuildConfiguration;
			buildSettings = {
				ASSETCATALOG_COMPILER_APPICON_NAME = AppIcon;
				ASSETCATALOG_COMPILER_GLOBAL_ACCENT_COLOR_NAME = AccentColor;
				CODE_SIGN_STYLE = Automatic;
				DEVELOPMENT_TEAM = "";
				INFOPLIST_FILE = BoomQRDetector/Info.plist;
				LD_RUNPATH_SEARCH_PATHS = (
					"$(inherited)",
					"@executable_path/Frameworks",
				);
				PRODUCT_BUNDLE_IDENTIFIER = com.nextbeginning.www.BoomQRDetector;
				PRODUCT_NAME = "$(TARGET_NAME)";
				SWIFT_VERSION = 5.0;
				TARGETED_DEVICE_FAMILY = "1,2";
			};
			name = Release;
		};
		2A59815C262589E600C19E1A /* Debug */ = {
			isa = XCBuildConfiguration;
			buildSettings = {
				ALWAYS_EMBED_SWIFT_STANDARD_LIBRARIES = YES;
				BUNDLE_LOADER = "$(TEST_HOST)";
				CODE_SIGN_STYLE = Automatic;
				DEVELOPMENT_TEAM = AUU237XZLK;
				INFOPLIST_FILE = BoomQRDetectorTests/Info.plist;
				IPHONEOS_DEPLOYMENT_TARGET = 14.3;
				LD_RUNPATH_SEARCH_PATHS = (
					"$(inherited)",
					"@executable_path/Frameworks",
					"@loader_path/Frameworks",
				);
				PRODUCT_BUNDLE_IDENTIFIER = com.nextbeginning.www.BoomQRDetectorTests;
				PRODUCT_NAME = "$(TARGET_NAME)";
				SWIFT_VERSION = 5.0;
				TARGETED_DEVICE_FAMILY = "1,2";
				TEST_HOST = "$(BUILT_PRODUCTS_DIR)/BoomQRDetector.app/BoomQRDetector";
			};
			name = Debug;
		};
		2A59815D262589E600C19E1A /* Release */ = {
			isa = XCBuildConfiguration;
			buildSettings = {
				ALWAYS_EMBED_SWIFT_STANDARD_LIBRARIES = YES;
				BUNDLE_LOADER = "$(TEST_HOST)";
				CODE_SIGN_STYLE = Automatic;
				DEVELOPMENT_TEAM = AUU237XZLK;
				INFOPLIST_FILE = BoomQRDetectorTests/Info.plist;
				IPHONEOS_DEPLOYMENT_TARGET = 14.3;
				LD_RUNPATH_SEARCH_PATHS = (
					"$(inherited)",
					"@executable_path/Frameworks",
					"@loader_path/Frameworks",
				);
				PRODUCT_BUNDLE_IDENTIFIER = com.nextbeginning.www.BoomQRDetectorTests;
				PRODUCT_NAME = "$(TARGET_NAME)";
				SWIFT_VERSION = 5.0;
				TARGETED_DEVICE_FAMILY = "1,2";
				TEST_HOST = "$(BUILT_PRODUCTS_DIR)/BoomQRDetector.app/BoomQRDetector";
			};
			name = Release;
		};
		2A59815F262589E600C19E1A /* Debug */ = {
			isa = XCBuildConfiguration;
			buildSettings = {
				ALWAYS_EMBED_SWIFT_STANDARD_LIBRARIES = YES;
				CODE_SIGN_STYLE = Automatic;
				DEVELOPMENT_TEAM = AUU237XZLK;
				INFOPLIST_FILE = BoomQRDetectorUITests/Info.plist;
				LD_RUNPATH_SEARCH_PATHS = (
					"$(inherited)",
					"@executable_path/Frameworks",
					"@loader_path/Frameworks",
				);
				PRODUCT_BUNDLE_IDENTIFIER = com.nextbeginning.www.BoomQRDetectorUITests;
				PRODUCT_NAME = "$(TARGET_NAME)";
				SWIFT_VERSION = 5.0;
				TARGETED_DEVICE_FAMILY = "1,2";
				TEST_TARGET_NAME = BoomQRDetector;
			};
			name = Debug;
		};
		2A598160262589E600C19E1A /* Release */ = {
			isa = XCBuildConfiguration;
			buildSettings = {
				ALWAYS_EMBED_SWIFT_STANDARD_LIBRARIES = YES;
				CODE_SIGN_STYLE = Automatic;
				DEVELOPMENT_TEAM = AUU237XZLK;
				INFOPLIST_FILE = BoomQRDetectorUITests/Info.plist;
				LD_RUNPATH_SEARCH_PATHS = (
					"$(inherited)",
					"@executable_path/Frameworks",
					"@loader_path/Frameworks",
				);
				PRODUCT_BUNDLE_IDENTIFIER = com.nextbeginning.www.BoomQRDetectorUITests;
				PRODUCT_NAME = "$(TARGET_NAME)";
				SWIFT_VERSION = 5.0;
				TARGETED_DEVICE_FAMILY = "1,2";
				TEST_TARGET_NAME = BoomQRDetector;
			};
			name = Release;
		};
/* End XCBuildConfiguration section */

/* Begin XCConfigurationList section */
		2A598129262589E500C19E1A /* Build configuration list for PBXProject "BoomQRDetector" */ = {
			isa = XCConfigurationList;
			buildConfigurations = (
				2A598156262589E600C19E1A /* Debug */,
				2A598157262589E600C19E1A /* Release */,
			);
			defaultConfigurationIsVisible = 0;
			defaultConfigurationName = Release;
		};
		2A598158262589E600C19E1A /* Build configuration list for PBXNativeTarget "BoomQRDetector" */ = {
			isa = XCConfigurationList;
			buildConfigurations = (
				2A598159262589E600C19E1A /* Debug */,
				2A59815A262589E600C19E1A /* Release */,
			);
			defaultConfigurationIsVisible = 0;
			defaultConfigurationName = Release;
		};
		2A59815B262589E600C19E1A /* Build configuration list for PBXNativeTarget "BoomQRDetectorTests" */ = {
			isa = XCConfigurationList;
			buildConfigurations = (
				2A59815C262589E600C19E1A /* Debug */,
				2A59815D262589E600C19E1A /* Release */,
			);
			defaultConfigurationIsVisible = 0;
			defaultConfigurationName = Release;
		};
		2A59815E262589E600C19E1A /* Build configuration list for PBXNativeTarget "BoomQRDetectorUITests" */ = {
			isa = XCConfigurationList;
			buildConfigurations = (
				2A59815F262589E600C19E1A /* Debug */,
				2A598160262589E600C19E1A /* Release */,
			);
			defaultConfigurationIsVisible = 0;
			defaultConfigurationName = Release;
		};
/* End XCConfigurationList section */
	};
	rootObject = 2A598126262589E500C19E1A /* Project object */;
}
